
Microsoft Visual Studio Solution File, Format Version 12.00
# Visual Studio Version 16
VisualStudioVersion = 16.0.32126.315
MinimumVisualStudioVersion = 10.0.40219.1
Project("{FAE04EC0-301F-11D3-BF4B-00C04F79EFBC}") = "Medimall", "Medimall.csproj", "{11D29475-2643-4096-A0A7-D17D156A844F}"
EndProject
Project("{FAE04EC0-301F-11D3-BF4B-00C04F79EFBC}") = "MedimallAdmin", "..\MedimallAdmin\MedimallAdmin.csproj", "{C6A14DB6-5661-4DA8-8A26-11D8C17F0985}"
EndProject
Global
	GlobalSection(SolutionConfigurationPlatforms) = preSolution
		Debug|Any CPU = Debug|Any CPU
		Release|Any CPU = Release|Any CPU
	EndGlobalSection
	GlobalSection(ProjectConfigurationPlatforms) = postSolution
		{11D29475-2643-4096-A0A7-D17D156A844F}.Debug|Any CPU.ActiveCfg = Debug|Any CPU
		{11D29475-2643-4096-A0A7-D17D156A844F}.Debug|Any CPU.Build.0 = Debug|Any CPU
		{11D29475-2643-4096-A0A7-D17D156A844F}.Release|Any CPU.ActiveCfg = Release|Any CPU
		{11D29475-2643-4096-A0A7-D17D156A844F}.Release|Any CPU.Build.0 = Release|Any CPU
		{C6A14DB6-5661-4DA8-8A26-11D8C17F0985}.Debug|Any CPU.ActiveCfg = Debug|Any CPU
		{C6A14DB6-5661-4DA8-8A26-11D8C17F0985}.Debug|Any CPU.Build.0 = Debug|Any CPU
		{C6A14DB6-5661-4DA8-8A26-11D8C17F0985}.Release|Any CPU.ActiveCfg = Release|Any CPU
		{C6A14DB6-5661-4DA8-8A26-11D8C17F0985}.Release|Any CPU.Build.0 = Release|Any CPU
	EndGlobalSection
	GlobalSection(SolutionProperties) = preSolution
		HideSolutionNode = FALSE
	EndGlobalSection
	GlobalSection(ExtensibilityGlobals) = postSolution
		SolutionGuid = {7B676CC2-35C4-4422-8665-ED2B218BEA09}
	EndGlobalSection
EndGlobal
